
Microsoft Visual Studio Solution File, Format Version 12.00
# Visual Studio Version 16
VisualStudioVersion = 16.0.31515.178
MinimumVisualStudioVersion = 10.0.40219.1
Project("{9A19103F-16F7-4668-BE54-9A1E7A4F7556}") = "LaneChangeDotNet", "LaneChangeDotNet.csproj", "{49CC1F5F-3821-432E-A86E-138DD50A97BC}"
EndProject
Global
	GlobalSection(SolutionConfigurationPlatforms) = preSolution
		Debug|Any CPU = Debug|Any CPU
		Release|Any CPU = Release|Any CPU
	EndGlobalSection
	GlobalSection(ProjectConfigurationPlatforms) = postSolution
		{49CC1F5F-3821-432E-A86E-138DD50A97BC}.Debug|Any CPU.ActiveCfg = Debug|Any CPU
		{49CC1F5F-3821-432E-A86E-138DD50A97BC}.Debug|Any CPU.Build.0 = Debug|Any CPU
		{49CC1F5F-3821-432E-A86E-138DD50A97BC}.Release|Any CPU.ActiveCfg = Release|Any CPU
		{49CC1F5F-3821-432E-A86E-138DD50A97BC}.Release|Any CPU.Build.0 = Release|Any CPU
	EndGlobalSection
	GlobalSection(SolutionProperties) = preSolution
		HideSolutionNode = FALSE
	EndGlobalSection
	GlobalSection(ExtensibilityGlobals) = postSolution
		SolutionGuid = {438B747E-0E74-41DE-BDCB-25861819A851}
	EndGlobalSection
EndGlobal
